// !$*UTF8*$!
{
	archiveVersion = 1;
	classes = {
	};
	objectVersion = 50;
	objects = {

/* Begin PBXBuildFile section */
		5E7F4AFC24D8D37B00EFC02C /* AppDelegate.swift in Sources */ = {isa = PBXBuildFile; fileRef = 5E7F4AFB24D8D37B00EFC02C /* AppDelegate.swift */; };
		5E7F4AFE24D8D37B00EFC02C /* SceneDelegate.swift in Sources */ = {isa = PBXBuildFile; fileRef = 5E7F4AFD24D8D37B00EFC02C /* SceneDelegate.swift */; };
		5E7F4B0024D8D37B00EFC02C /* ViewController.swift in Sources */ = {isa = PBXBuildFile; fileRef = 5E7F4AFF24D8D37B00EFC02C /* ViewController.swift */; };
		5E7F4B0324D8D37B00EFC02C /* Main.storyboard in Resources */ = {isa = PBXBuildFile; fileRef = 5E7F4B0124D8D37B00EFC02C /* Main.storyboard */; };
		5E7F4B0524D8D38A00EFC02C /* Assets.xcassets in Resources */ = {isa = PBXBuildFile; fileRef = 5E7F4B0424D8D38A00EFC02C /* Assets.xcassets */; };
		5E7F4B0824D8D38A00EFC02C /* LaunchScreen.storyboard in Resources */ = {isa = PBXBuildFile; fileRef = 5E7F4B0624D8D38A00EFC02C /* LaunchScreen.storyboard */; };
		5E7F4B1324D8D38A00EFC02C /* TipperTests.swift in Sources */ = {isa = PBXBuildFile; fileRef = 5E7F4B1224D8D38A00EFC02C /* TipperTests.swift */; };
		5E7F4B1E24D8D38A00EFC02C /* TipperUITests.swift in Sources */ = {isa = PBXBuildFile; fileRef = 5E7F4B1D24D8D38A00EFC02C /* TipperUITests.swift */; };
/* End PBXBuildFile section */

/* Begin PBXContainerItemProxy section */
		5E7F4B0F24D8D38A00EFC02C /* PBXContainerItemProxy */ = {
			isa = PBXContainerItemProxy;
			containerPortal = 5E7F4AF024D8D37B00EFC02C /* Project object */;
			proxyType = 1;
			remoteGlobalIDString = 5E7F4AF724D8D37B00EFC02C;
			remoteInfo = Tipper;
		};
		5E7F4B1A24D8D38A00EFC02C /* PBXContainerItemProxy */ = {
			isa = PBXContainerItemProxy;
			containerPortal = 5E7F4AF024D8D37B00EFC02C /* Project object */;
			proxyType = 1;
			remoteGlobalIDString = 5E7F4AF724D8D37B00EFC02C;
			remoteInfo = Tipper;
		};
/* End PBXContainerItemProxy section */

/* Begin PBXFileReference section */
		5E7F4AF824D8D37B00EFC02C /* Tipper.app */ = {isa = PBXFileReference; explicitFileType = wrapper.application; includeInIndex = 0; path = Tipper.app; sourceTree = BUILT_PRODUCTS_DIR; };
		5E7F4AFB24D8D37B00EFC02C /* AppDelegate.swift */ = {isa = PBXFileReference; lastKnownFileType = sourcecode.swift; path = AppDelegate.swift; sourceTree = "<group>"; };
		5E7F4AFD24D8D37B00EFC02C /* SceneDelegate.swift */ = {isa = PBXFileReference; lastKnownFileType = sourcecode.swift; path = SceneDelegate.swift; sourceTree = "<group>"; };
		5E7F4AFF24D8D37B00EFC02C /* ViewController.swift */ = {isa = PBXFileReference; lastKnownFileType = sourcecode.swift; path = ViewController.swift; sourceTree = "<group>"; };
		5E7F4B0224D8D37B00EFC02C /* Base */ = {isa = PBXFileReference; lastKnownFileType = file.storyboard; name = Base; path = Base.lproj/Main.storyboard; sourceTree = "<group>"; };
		5E7F4B0424D8D38A00EFC02C /* Assets.xcassets */ = {isa = PBXFileReference; lastKnownFileType = folder.assetcatalog; path = Assets.xcassets; sourceTree = "<group>"; };
		5E7F4B0724D8D38A00EFC02C /* Base */ = {isa = PBXFileReference; lastKnownFileType = file.storyboard; name = Base; path = Base.lproj/LaunchScreen.storyboard; sourceTree = "<group>"; };
		5E7F4B0924D8D38A00EFC02C /* Info.plist */ = {isa = PBXFileReference; lastKnownFileType = text.plist.xml; path = Info.plist; sourceTree = "<group>"; };
		5E7F4B0E24D8D38A00EFC02C /* TipperTests.xctest */ = {isa = PBXFileReference; explicitFileType = wrapper.cfbundle; includeInIndex = 0; path = TipperTests.xctest; sourceTree = BUILT_PRODUCTS_DIR; };
		5E7F4B1224D8D38A00EFC02C /* TipperTests.swift */ = {isa = PBXFileReference; lastKnownFileType = sourcecode.swift; path = TipperTests.swift; sourceTree = "<group>"; };
		5E7F4B1424D8D38A00EFC02C /* Info.plist */ = {isa = PBXFileReference; lastKnownFileType = text.plist.xml; path = Info.plist; sourceTree = "<group>"; };
		5E7F4B1924D8D38A00EFC02C /* TipperUITests.xctest */ = {isa = PBXFileReference; explicitFileType = wrapper.cfbundle; includeInIndex = 0; path = TipperUITests.xctest; sourceTree = BUILT_PRODUCTS_DIR; };
		5E7F4B1D24D8D38A00EFC02C /* TipperUITests.swift */ = {isa = PBXFileReference; lastKnownFileType = sourcecode.swift; path = TipperUITests.swift; sourceTree = "<group>"; };
		5E7F4B1F24D8D38A00EFC02C /* Info.plist */ = {isa = PBXFileReference; lastKnownFileType = text.plist.xml; path = Info.plist; sourceTree = "<group>"; };
/* End PBXFileReference section */

/* Begin PBXFrameworksBuildPhase section */
		5E7F4AF524D8D37B00EFC02C /* Frameworks */ = {
			isa = PBXFrameworksBuildPhase;
			buildActionMask = 2147483647;
			files = (
			);
			runOnlyForDeploymentPostprocessing = 0;
		};
		5E7F4B0B24D8D38A00EFC02C /* Frameworks */ = {
			isa = PBXFrameworksBuildPhase;
			buildActionMask = 2147483647;
			files = (
			);
			runOnlyForDeploymentPostprocessing = 0;
		};
		5E7F4B1624D8D38A00EFC02C /* Frameworks */ = {
			isa = PBXFrameworksBuildPhase;
			buildActionMask = 2147483647;
			files = (
			);
			runOnlyForDeploymentPostprocessing = 0;
		};
/* End PBXFrameworksBuildPhase section */

/* Begin PBXGroup section */
		5E7F4AEF24D8D37B00EFC02C = {
			isa = PBXGroup;
			children = (
				5E7F4AFA24D8D37B00EFC02C /* Tipper */,
				5E7F4B1124D8D38A00EFC02C /* TipperTests */,
				5E7F4B1C24D8D38A00EFC02C /* TipperUITests */,
				5E7F4AF924D8D37B00EFC02C /* Products */,
			);
			sourceTree = "<group>";
		};
		5E7F4AF924D8D37B00EFC02C /* Products */ = {
			isa = PBXGroup;
			children = (
				5E7F4AF824D8D37B00EFC02C /* Tipper.app */,
				5E7F4B0E24D8D38A00EFC02C /* TipperTests.xctest */,
				5E7F4B1924D8D38A00EFC02C /* TipperUITests.xctest */,
			);
			name = Products;
			sourceTree = "<group>";
		};
		5E7F4AFA24D8D37B00EFC02C /* Tipper */ = {
			isa = PBXGroup;
			children = (
				5E7F4AFB24D8D37B00EFC02C /* AppDelegate.swift */,
				5E7F4AFD24D8D37B00EFC02C /* SceneDelegate.swift */,
				5E7F4AFF24D8D37B00EFC02C /* ViewController.swift */,
				5E7F4B0124D8D37B00EFC02C /* Main.storyboard */,
				5E7F4B0424D8D38A00EFC02C /* Assets.xcassets */,
				5E7F4B0624D8D38A00EFC02C /* LaunchScreen.storyboard */,
				5E7F4B0924D8D38A00EFC02C /* Info.plist */,
			);
			path = Tipper;
			sourceTree = "<group>";
		};
		5E7F4B1124D8D38A00EFC02C /* TipperTests */ = {
			isa = PBXGroup;
			children = (
				5E7F4B1224D8D38A00EFC02C /* TipperTests.swift */,
				5E7F4B1424D8D38A00EFC02C /* Info.plist */,
			);
			path = TipperTests;
			sourceTree = "<group>";
		};
		5E7F4B1C24D8D38A00EFC02C /* TipperUITests */ = {
			isa = PBXGroup;
			children = (
				5E7F4B1D24D8D38A00EFC02C /* TipperUITests.swift */,
				5E7F4B1F24D8D38A00EFC02C /* Info.plist */,
			);
			path = TipperUITests;
			sourceTree = "<group>";
		};
/* End PBXGroup section */

/* Begin PBXNativeTarget section */
		5E7F4AF724D8D37B00EFC02C /* Tipper */ = {
			isa = PBXNativeTarget;
			buildConfigurationList = 5E7F4B2224D8D38A00EFC02C /* Build configuration list for PBXNativeTarget "Tipper" */;
			buildPhases = (
				5E7F4AF424D8D37B00EFC02C /* Sources */,
				5E7F4AF524D8D37B00EFC02C /* Frameworks */,
				5E7F4AF624D8D37B00EFC02C /* Resources */,
			);
			buildRules = (
			);
			dependencies = (
			);
			name = Tipper;
			productName = Tipper;
			productReference = 5E7F4AF824D8D37B00EFC02C /* Tipper.app */;
			productType = "com.apple.product-type.application";
		};
		5E7F4B0D24D8D38A00EFC02C /* TipperTests */ = {
			isa = PBXNativeTarget;
			buildConfigurationList = 5E7F4B2524D8D38A00EFC02C /* Build configuration list for PBXNativeTarget "TipperTests" */;
			buildPhases = (
				5E7F4B0A24D8D38A00EFC02C /* Sources */,
				5E7F4B0B24D8D38A00EFC02C /* Frameworks */,
				5E7F4B0C24D8D38A00EFC02C /* Resources */,
			);
			buildRules = (
			);
			dependencies = (
				5E7F4B1024D8D38A00EFC02C /* PBXTargetDependency */,
			);
			name = TipperTests;
			productName = TipperTests;
			productReference = 5E7F4B0E24D8D38A00EFC02C /* TipperTests.xctest */;
			productType = "com.apple.product-type.bundle.unit-test";
		};
		5E7F4B1824D8D38A00EFC02C /* TipperUITests */ = {
			isa = PBXNativeTarget;
			buildConfigurationList = 5E7F4B2824D8D38A00EFC02C /* Build configuration list for PBXNativeTarget "TipperUITests" */;
			buildPhases = (
				5E7F4B1524D8D38A00EFC02C /* Sources */,
				5E7F4B1624D8D38A00EFC02C /* Frameworks */,
				5E7F4B1724D8D38A00EFC02C /* Resources */,
			);
			buildRules = (
			);
			dependencies = (
				5E7F4B1B24D8D38A00EFC02C /* PBXTargetDependency */,
			);
			name = TipperUITests;
			productName = TipperUITests;
			productReference = 5E7F4B1924D8D38A00EFC02C /* TipperUITests.xctest */;
			productType = "com.apple.product-type.bundle.ui-testing";
		};
/* End PBXNativeTarget section */

/* Begin PBXProject section */
		5E7F4AF024D8D37B00EFC02C /* Project object */ = {
			isa = PBXProject;
			attributes = {
				LastSwiftUpdateCheck = 1160;
				LastUpgradeCheck = 1160;
				ORGANIZATIONNAME = Vivian;
				TargetAttributes = {
					5E7F4AF724D8D37B00EFC02C = {
						CreatedOnToolsVersion = 11.6;
					};
					5E7F4B0D24D8D38A00EFC02C = {
						CreatedOnToolsVersion = 11.6;
						TestTargetID = 5E7F4AF724D8D37B00EFC02C;
					};
					5E7F4B1824D8D38A00EFC02C = {
						CreatedOnToolsVersion = 11.6;
						TestTargetID = 5E7F4AF724D8D37B00EFC02C;
					};
				};
			};
			buildConfigurationList = 5E7F4AF324D8D37B00EFC02C /* Build configuration list for PBXProject "Tipper" */;
			compatibilityVersion = "Xcode 9.3";
			developmentRegion = en;
			hasScannedForEncodings = 0;
			knownRegions = (
				en,
				Base,
			);
			mainGroup = 5E7F4AEF24D8D37B00EFC02C;
			productRefGroup = 5E7F4AF924D8D37B00EFC02C /* Products */;
			projectDirPath = "";
			projectRoot = "";
			targets = (
				5E7F4AF724D8D37B00EFC02C /* Tipper */,
				5E7F4B0D24D8D38A00EFC02C /* TipperTests */,
				5E7F4B1824D8D38A00EFC02C /* TipperUITests */,
			);
		};
/* End PBXProject section */

/* Begin PBXResourcesBuildPhase section */
		5E7F4AF624D8D37B00EFC02C /* Resources */ = {
			isa = PBXResourcesBuildPhase;
			buildActionMask = 2147483647;
			files = (
				5E7F4B0824D8D38A00EFC02C /* LaunchScreen.storyboard in Resources */,
				5E7F4B0524D8D38A00EFC02C /* Assets.xcassets in Resources */,
				5E7F4B0324D8D37B00EFC02C /* Main.storyboard in Resources */,
			);
			runOnlyForDeploymentPostprocessing = 0;
		};
		5E7F4B0C24D8D38A00EFC02C /* Resources */ = {
			isa = PBXResourcesBuildPhase;
			buildActionMask = 2147483647;
			files = (
			);
			runOnlyForDeploymentPostprocessing = 0;
		};
		5E7F4B1724D8D38A00EFC02C /* Resources */ = {
			isa = PBXResourcesBuildPhase;
			buildActionMask = 2147483647;
			files = (
			);
			runOnlyForDeploymentPostprocessing = 0;
		};
/* End PBXResourcesBuildPhase section */

/* Begin PBXSourcesBuildPhase section */
		5E7F4AF424D8D37B00EFC02C /* Sources */ = {
			isa = PBXSourcesBuildPhase;
			buildActionMask = 2147483647;
			files = (
				5E7F4B0024D8D37B00EFC02C /* ViewController.swift in Sources */,
				5E7F4AFC24D8D37B00EFC02C /* AppDelegate.swift in Sources */,
				5E7F4AFE24D8D37B00EFC02C /* SceneDelegate.swift in Sources */,
			);
			runOnlyForDeploymentPostprocessing = 0;
		};
		5E7F4B0A24D8D38A00EFC02C /* Sources */ = {
			isa = PBXSourcesBuildPhase;
			buildActionMask = 2147483647;
			files = (
				5E7F4B1324D8D38A00EFC02C /* TipperTests.swift in Sources */,
			);
			runOnlyForDeploymentPostprocessing = 0;
		};
		5E7F4B1524D8D38A00EFC02C /* Sources */ = {
			isa = PBXSourcesBuildPhase;
			buildActionMask = 2147483647;
			files = (
				5E7F4B1E24D8D38A00EFC02C /* TipperUITests.swift in Sources */,
			);
			runOnlyForDeploymentPostprocessing = 0;
		};
/* End PBXSourcesBuildPhase section */

/* Begin PBXTargetDependency section */
		5E7F4B1024D8D38A00EFC02C /* PBXTargetDependency */ = {
			isa = PBXTargetDependency;
			target = 5E7F4AF724D8D37B00EFC02C /* Tipper */;
			targetProxy = 5E7F4B0F24D8D38A00EFC02C /* PBXContainerItemProxy */;
		};
		5E7F4B1B24D8D38A00EFC02C /* PBXTargetDependency */ = {
			isa = PBXTargetDependency;
			target = 5E7F4AF724D8D37B00EFC02C /* Tipper */;
			targetProxy = 5E7F4B1A24D8D38A00EFC02C /* PBXContainerItemProxy */;
		};
/* End PBXTargetDependency section */

/* Begin PBXVariantGroup section */
		5E7F4B0124D8D37B00EFC02C /* Main.storyboard */ = {
			isa = PBXVariantGroup;
			children = (
				5E7F4B0224D8D37B00EFC02C /* Base */,
			);
			name = Main.storyboard;
			sourceTree = "<group>";
		};
		5E7F4B0624D8D38A00EFC02C /* LaunchScreen.storyboard */ = {
			isa = PBXVariantGroup;
			children = (
				5E7F4B0724D8D38A00EFC02C /* Base */,
			);
			name = LaunchScreen.storyboard;
			sourceTree = "<group>";
		};
/* End PBXVariantGroup section */

/* Begin XCBuildConfiguration section */
		5E7F4B2024D8D38A00EFC02C /* Debug */ = {
			isa = XCBuildConfiguration;
			buildSettings = {
				ALWAYS_SEARCH_USER_PATHS = NO;
				CLANG_ANALYZER_NONNULL = YES;
				CLANG_ANALYZER_NUMBER_OBJECT_CONVERSION = YES_AGGRESSIVE;
				CLANG_CXX_LANGUAGE_STANDARD = "gnu++14";
				CLANG_CXX_LIBRARY = "libc++";
				CLANG_ENABLE_MODULES = YES;
				CLANG_ENABLE_OBJC_ARC = YES;
				CLANG_ENABLE_OBJC_WEAK = YES;
				CLANG_WARN_BLOCK_CAPTURE_AUTORELEASING = YES;
				CLANG_WARN_BOOL_CONVERSION = YES;
				CLANG_WARN_COMMA = YES;
				CLANG_WARN_CONSTANT_CONVERSION = YES;
				CLANG_WARN_DEPRECATED_OBJC_IMPLEMENTATIONS = YES;
				CLANG_WARN_DIRECT_OBJC_ISA_USAGE = YES_ERROR;
				CLANG_WARN_DOCUMENTATION_COMMENTS = YES;
				CLANG_WARN_EMPTY_BODY = YES;
				CLANG_WARN_ENUM_CONVERSION = YES;
				CLANG_WARN_INFINITE_RECURSION = YES;
				CLANG_WARN_INT_CONVERSION = YES;
				CLANG_WARN_NON_LITERAL_NULL_CONVERSION = YES;
				CLANG_WARN_OBJC_IMPLICIT_RETAIN_SELF = YES;
				CLANG_WARN_OBJC_LITERAL_CONVERSION = YES;
				CLANG_WARN_OBJC_ROOT_CLASS = YES_ERROR;
				CLANG_WARN_RANGE_LOOP_ANALYSIS = YES;
				CLANG_WARN_STRICT_PROTOTYPES = YES;
				CLANG_WARN_SUSPICIOUS_MOVE = YES;
				CLANG_WARN_UNGUARDED_AVAILABILITY = YES_AGGRESSIVE;
				CLANG_WARN_UNREACHABLE_CODE = YES;
				CLANG_WARN__DUPLICATE_METHOD_MATCH = YES;
				COPY_PHASE_STRIP = NO;
				DEBUG_INFORMATION_FORMAT = dwarf;
				ENABLE_STRICT_OBJC_MSGSEND = YES;
				ENABLE_TESTABILITY = YES;
				GCC_C_LANGUAGE_STANDARD = gnu11;
				GCC_DYNAMIC_NO_PIC = NO;
				GCC_NO_COMMON_BLOCKS = YES;
				GCC_OPTIMIZATION_LEVEL = 0;
				GCC_PREPROCESSOR_DEFINITIONS = (
					"DEBUG=1",
					"$(inherited)",
				);
				GCC_WARN_64_TO_32_BIT_CONVERSION = YES;
				GCC_WARN_ABOUT_RETURN_TYPE = YES_ERROR;
				GCC_WARN_UNDECLARED_SELECTOR = YES;
				GCC_WARN_UNINITIALIZED_AUTOS = YES_AGGRESSIVE;
				GCC_WARN_UNUSED_FUNCTION = YES;
				GCC_WARN_UNUSED_VARIABLE = YES;
				IPHONEOS_DEPLOYMENT_TARGET = 13.6;
				MTL_ENABLE_DEBUG_INFO = INCLUDE_SOURCE;
				MTL_FAST_MATH = YES;
				ONLY_ACTIVE_ARCH = YES;
				SDKROOT = iphoneos;
				SWIFT_ACTIVE_COMPILATION_CONDITIONS = DEBUG;
				SWIFT_OPTIMIZATION_LEVEL = "-Onone";
			};
			name = Debug;
		};
		5E7F4B2124D8D38A00EFC02C /* Release */ = {
			isa = XCBuildConfiguration;
			buildSettings = {
				ALWAYS_SEARCH_USER_PATHS = NO;
				CLANG_ANALYZER_NONNULL = YES;
				CLANG_ANALYZER_NUMBER_OBJECT_CONVERSION = YES_AGGRESSIVE;
				CLANG_CXX_LANGUAGE_STANDARD = "gnu++14";
				CLANG_CXX_LIBRARY = "libc++";
				CLANG_ENABLE_MODULES = YES;
				CLANG_ENABLE_OBJC_ARC = YES;
				CLANG_ENABLE_OBJC_WEAK = YES;
				CLANG_WARN_BLOCK_CAPTURE_AUTORELEASING = YES;
				CLANG_WARN_BOOL_CONVERSION = YES;
				CLANG_WARN_COMMA = YES;
				CLANG_WARN_CONSTANT_CONVERSION = YES;
				CLANG_WARN_DEPRECATED_OBJC_IMPLEMENTATIONS = YES;
				CLANG_WARN_DIRECT_OBJC_ISA_USAGE = YES_ERROR;
				CLANG_WARN_DOCUMENTATION_COMMENTS = YES;
				CLANG_WARN_EMPTY_BODY = YES;
				CLANG_WARN_ENUM_CONVERSION = YES;
				CLANG_WARN_INFINITE_RECURSION = YES;
				CLANG_WARN_INT_CONVERSION = YES;
				CLANG_WARN_NON_LITERAL_NULL_CONVERSION = YES;
				CLANG_WARN_OBJC_IMPLICIT_RETAIN_SELF = YES;
				CLANG_WARN_OBJC_LITERAL_CONVERSION = YES;
				CLANG_WARN_OBJC_ROOT_CLASS = YES_ERROR;
				CLANG_WARN_RANGE_LOOP_ANALYSIS = YES;
				CLANG_WARN_STRICT_PROTOTYPES = YES;
				CLANG_WARN_SUSPICIOUS_MOVE = YES;
				CLANG_WARN_UNGUARDED_AVAILABILITY = YES_AGGRESSIVE;
				CLANG_WARN_UNREACHABLE_CODE = YES;
				CLANG_WARN__DUPLICATE_METHOD_MATCH = YES;
				COPY_PHASE_STRIP = NO;
				DEBUG_INFORMATION_FORMAT = "dwarf-with-dsym";
				ENABLE_NS_ASSERTIONS = NO;
				ENABLE_STRICT_OBJC_MSGSEND = YES;
				GCC_C_LANGUAGE_STANDARD = gnu11;
				GCC_NO_COMMON_BLOCKS = YES;
				GCC_WARN_64_TO_32_BIT_CONVERSION = YES;
				GCC_WARN_ABOUT_RETURN_TYPE = YES_ERROR;
				GCC_WARN_UNDECLARED_SELECTOR = YES;
				GCC_WARN_UNINITIALIZED_AUTOS = YES_AGGRESSIVE;
				GCC_WARN_UNUSED_FUNCTION = YES;
				GCC_WARN_UNUSED_VARIABLE = YES;
				IPHONEOS_DEPLOYMENT_TARGET = 13.6;
				MTL_ENABLE_DEBUG_INFO = NO;
				MTL_FAST_MATH = YES;
				SDKROOT = iphoneos;
				SWIFT_COMPILATION_MODE = wholemodule;
				SWIFT_OPTIMIZATION_LEVEL = "-O";
				VALIDATE_PRODUCT = YES;
			};
			name = Release;
		};
		5E7F4B2324D8D38A00EFC02C /* Debug */ = {
			isa = XCBuildConfiguration;
			buildSettings = {
				ASSETCATALOG_COMPILER_APPICON_NAME = AppIcon;
				CODE_SIGN_STYLE = Automatic;
				INFOPLIST_FILE = Tipper/Info.plist;
				LD_RUNPATH_SEARCH_PATHS = (
					"$(inherited)",
					"@executable_path/Frameworks",
				);
				PRODUCT_BUNDLE_IDENTIFIER = Vivian.Tipper;
				PRODUCT_NAME = "$(TARGET_NAME)";
				SWIFT_VERSION = 5.0;
				TARGETED_DEVICE_FAMILY = "1,2";
			};
			name = Debug;
		};
		5E7F4B2424D8D38A00EFC02C /* Release */ = {
			isa = XCBuildConfiguration;
			buildSettings = {
				ASSETCATALOG_COMPILER_APPICON_NAME = AppIcon;
				CODE_SIGN_STYLE = Automatic;
				INFOPLIST_FILE = Tipper/Info.plist;
				LD_RUNPATH_SEARCH_PATHS = (
					"$(inherited)",
					"@executable_path/Frameworks",
				);
				PRODUCT_BUNDLE_IDENTIFIER = Vivian.Tipper;
				PRODUCT_NAME = "$(TARGET_NAME)";
				SWIFT_VERSION = 5.0;
				TARGETED_DEVICE_FAMILY = "1,2";
			};
			name = Release;
		};
		5E7F4B2624D8D38A00EFC02C /* Debug */ = {
			isa = XCBuildConfiguration;
			buildSettings = {
				ALWAYS_EMBED_SWIFT_STANDARD_LIBRARIES = YES;
				BUNDLE_LOADER = "$(TEST_HOST)";
				CODE_SIGN_STYLE = Automatic;
				INFOPLIST_FILE = TipperTests/Info.plist;
				IPHONEOS_DEPLOYMENT_TARGET = 13.6;
				LD_RUNPATH_SEARCH_PATHS = (
					"$(inherited)",
					"@executable_path/Frameworks",
					"@loader_path/Frameworks",
				);
				PRODUCT_BUNDLE_IDENTIFIER = Vivian.TipperTests;
				PRODUCT_NAME = "$(TARGET_NAME)";
				SWIFT_VERSION = 5.0;
				TARGETED_DEVICE_FAMILY = "1,2";
				TEST_HOST = "$(BUILT_PRODUCTS_DIR)/Tipper.app/Tipper";
			};
			name = Debug;
		};
		5E7F4B2724D8D38A00EFC02C /* Release */ = {
			isa = XCBuildConfiguration;
			buildSettings = {
				ALWAYS_EMBED_SWIFT_STANDARD_LIBRARIES = YES;
				BUNDLE_LOADER = "$(TEST_HOST)";
				CODE_SIGN_STYLE = Automatic;
				INFOPLIST_FILE = TipperTests/Info.plist;
				IPHONEOS_DEPLOYMENT_TARGET = 13.6;
				LD_RUNPATH_SEARCH_PATHS = (
					"$(inherited)",
					"@executable_path/Frameworks",
					"@loader_path/Frameworks",
				);
				PRODUCT_BUNDLE_IDENTIFIER = Vivian.TipperTests;
				PRODUCT_NAME = "$(TARGET_NAME)";
				SWIFT_VERSION = 5.0;
				TARGETED_DEVICE_FAMILY = "1,2";
				TEST_HOST = "$(BUILT_PRODUCTS_DIR)/Tipper.app/Tipper";
			};
			name = Release;
		};
		5E7F4B2924D8D38A00EFC02C /* Debug */ = {
			isa = XCBuildConfiguration;
			buildSettings = {
				ALWAYS_EMBED_SWIFT_STANDARD_LIBRARIES = YES;
				CODE_SIGN_STYLE = Automatic;
				INFOPLIST_FILE = TipperUITests/Info.plist;
				LD_RUNPATH_SEARCH_PATHS = (
					"$(inherited)",
					"@executable_path/Frameworks",
					"@loader_path/Frameworks",
				);
				PRODUCT_BUNDLE_IDENTIFIER = Vivian.TipperUITests;
				PRODUCT_NAME = "$(TARGET_NAME)";
				SWIFT_VERSION = 5.0;
				TARGETED_DEVICE_FAMILY = "1,2";
				TEST_TARGET_NAME = Tipper;
			};
			name = Debug;
		};
		5E7F4B2A24D8D38A00EFC02C /* Release */ = {
			isa = XCBuildConfiguration;
			buildSettings = {
				ALWAYS_EMBED_SWIFT_STANDARD_LIBRARIES = YES;
				CODE_SIGN_STYLE = Automatic;
				INFOPLIST_FILE = TipperUITests/Info.plist;
				LD_RUNPATH_SEARCH_PATHS = (
					"$(inherited)",
					"@executable_path/Frameworks",
					"@loader_path/Frameworks",
				);
				PRODUCT_BUNDLE_IDENTIFIER = Vivian.TipperUITests;
				PRODUCT_NAME = "$(TARGET_NAME)";
				SWIFT_VERSION = 5.0;
				TARGETED_DEVICE_FAMILY = "1,2";
				TEST_TARGET_NAME = Tipper;
			};
			name = Release;
		};
/* End XCBuildConfiguration section */

/* Begin XCConfigurationList section */
		5E7F4AF324D8D37B00EFC02C /* Build configuration list for PBXProject "Tipper" */ = {
			isa = XCConfigurationList;
			buildConfigurations = (
				5E7F4B2024D8D38A00EFC02C /* Debug */,
				5E7F4B2124D8D38A00EFC02C /* Release */,
			);
			defaultConfigurationIsVisible = 0;
			defaultConfigurationName = Release;
		};
		5E7F4B2224D8D38A00EFC02C /* Build configuration list for PBXNativeTarget "Tipper" */ = {
			isa = XCConfigurationList;
			buildConfigurations = (
				5E7F4B2324D8D38A00EFC02C /* Debug */,
				5E7F4B2424D8D38A00EFC02C /* Release */,
			);
			defaultConfigurationIsVisible = 0;
			defaultConfigurationName = Release;
		};
		5E7F4B2524D8D38A00EFC02C /* Build configuration list for PBXNativeTarget "TipperTests" */ = {
			isa = XCConfigurationList;
			buildConfigurations = (
				5E7F4B2624D8D38A00EFC02C /* Debug */,
				5E7F4B2724D8D38A00EFC02C /* Release */,
			);
			defaultConfigurationIsVisible = 0;
			defaultConfigurationName = Release;
		};
		5E7F4B2824D8D38A00EFC02C /* Build configuration list for PBXNativeTarget "TipperUITests" */ = {
			isa = XCConfigurationList;
			buildConfigurations = (
				5E7F4B2924D8D38A00EFC02C /* Debug */,
				5E7F4B2A24D8D38A00EFC02C /* Release */,
			);
			defaultConfigurationIsVisible = 0;
			defaultConfigurationName = Release;
		};
/* End XCConfigurationList section */
	};
	rootObject = 5E7F4AF024D8D37B00EFC02C /* Project object */;
}
